{
  "name": "want-my-rss",
  "version": "1.0.0",
  "lockfileVersion": 1,
  "requires": true,
  "dependencies": {
    "web-ext-types": {
      "version": "3.0.0",
      "resolved": "https://registry.npmjs.org/web-ext-types/-/web-ext-types-3.0.0.tgz",
      "integrity": "sha512-LTAR/L+xgNRCSW8BxXcSQbOJkwOskwLpIJStiQKPHNA9MAjSyn2xSkHzHxbCkaKvQekBoOAF9PE/byMytfEvJA==",
      "dev": true
    }
  }
}
